
Microsoft Visual Studio Solution File, Format Version 12.00
# Visual Studio Version 17
VisualStudioVersion = 17.0.31903.59
MinimumVisualStudioVersion = 10.0.40219.1
Project("{FAE04EC0-301F-11D3-BF4B-00C04F79EFBC}") = "WalletTransactionService.Api", "WalletTransactionService.Api\WalletTransactionService.Api.csproj", "{4C0238A7-320C-49C9-935E-89A3F32AA3AA}"
EndProject
Project("{FAE04EC0-301F-11D3-BF4B-00C04F79EFBC}") = "WalletTransactionService.Application", "WalletTransactionService.Application\WalletTransactionService.Application.csproj", "{2E0D5181-1ACA-4999-B801-1C7DFFA919DE}"
EndProject
Project("{FAE04EC0-301F-11D3-BF4B-00C04F79EFBC}") = "WalletTransactionService.Domain", "WalletTransactionService.Domain\WalletTransactionService.Domain.csproj", "{5D2FF7E1-CCFF-4EC3-BFF6-051C4570A510}"
EndProject
Project("{FAE04EC0-301F-11D3-BF4B-00C04F79EFBC}") = "WalletTransactionService.Infrastructure", "WalletTransactionService.Infrastructure\WalletTransactionService.Infrastructure.csproj", "{488FB3FE-63E4-46A7-BAF0-B2EB9EC080F5}"
EndProject
Global
	GlobalSection(SolutionConfigurationPlatforms) = preSolution
		Debug|Any CPU = Debug|Any CPU
		Release|Any CPU = Release|Any CPU
	EndGlobalSection
	GlobalSection(SolutionProperties) = preSolution
		HideSolutionNode = FALSE
	EndGlobalSection
	GlobalSection(ProjectConfigurationPlatforms) = postSolution
		{4C0238A7-320C-49C9-935E-89A3F32AA3AA}.Debug|Any CPU.ActiveCfg = Debug|Any CPU
		{4C0238A7-320C-49C9-935E-89A3F32AA3AA}.Debug|Any CPU.Build.0 = Debug|Any CPU
		{4C0238A7-320C-49C9-935E-89A3F32AA3AA}.Release|Any CPU.ActiveCfg = Release|Any CPU
		{4C0238A7-320C-49C9-935E-89A3F32AA3AA}.Release|Any CPU.Build.0 = Release|Any CPU
		{2E0D5181-1ACA-4999-B801-1C7DFFA919DE}.Debug|Any CPU.ActiveCfg = Debug|Any CPU
		{2E0D5181-1ACA-4999-B801-1C7DFFA919DE}.Debug|Any CPU.Build.0 = Debug|Any CPU
		{2E0D5181-1ACA-4999-B801-1C7DFFA919DE}.Release|Any CPU.ActiveCfg = Release|Any CPU
		{2E0D5181-1ACA-4999-B801-1C7DFFA919DE}.Release|Any CPU.Build.0 = Release|Any CPU
		{5D2FF7E1-CCFF-4EC3-BFF6-051C4570A510}.Debug|Any CPU.ActiveCfg = Debug|Any CPU
		{5D2FF7E1-CCFF-4EC3-BFF6-051C4570A510}.Debug|Any CPU.Build.0 = Debug|Any CPU
		{5D2FF7E1-CCFF-4EC3-BFF6-051C4570A510}.Release|Any CPU.ActiveCfg = Release|Any CPU
		{5D2FF7E1-CCFF-4EC3-BFF6-051C4570A510}.Release|Any CPU.Build.0 = Release|Any CPU
		{488FB3FE-63E4-46A7-BAF0-B2EB9EC080F5}.Debug|Any CPU.ActiveCfg = Debug|Any CPU
		{488FB3FE-63E4-46A7-BAF0-B2EB9EC080F5}.Debug|Any CPU.Build.0 = Debug|Any CPU
		{488FB3FE-63E4-46A7-BAF0-B2EB9EC080F5}.Release|Any CPU.ActiveCfg = Release|Any CPU
		{488FB3FE-63E4-46A7-BAF0-B2EB9EC080F5}.Release|Any CPU.Build.0 = Release|Any CPU
	EndGlobalSection
EndGlobal
